{
  "requires": true,
  "lockfileVersion": 1,
  "dependencies": {
    "astronomy-bundle": {
      "version": "6.0.4",
      "resolved": "https://registry.npmjs.org/astronomy-bundle/-/astronomy-bundle-6.0.4.tgz",
      "integrity": "sha512-nzDI8r0UF7NdmFXThTK11/Fi6414sg9Qd5glvtLZFTGOQrueLo59VfFnJBFz48W+68n1TFptracWSmau95nFRw=="
    }
  }
}
